
Microsoft Visual Studio Solution File, Format Version 12.00
# Visual Studio Version 16
VisualStudioVersion = 16.0.30523.141
MinimumVisualStudioVersion = 10.0.40219.1
Project("{FAE04EC0-301F-11D3-BF4B-00C04F79EFBC}") = "NumbrixGame", "NumbrixGame.csproj", "{0A9810EB-3598-4232-8B15-5628D08EF81B}"
EndProject
Global
	GlobalSection(SolutionConfigurationPlatforms) = preSolution
		Debug|ARM = Debug|ARM
		Debug|ARM64 = Debug|ARM64
		Debug|x64 = Debug|x64
		Debug|x86 = Debug|x86
		Release|ARM = Release|ARM
		Release|ARM64 = Release|ARM64
		Release|x64 = Release|x64
		Release|x86 = Release|x86
	EndGlobalSection
	GlobalSection(ProjectConfigurationPlatforms) = postSolution
		{0A9810EB-3598-4232-8B15-5628D08EF81B}.Debug|ARM.ActiveCfg = Debug|ARM
		{0A9810EB-3598-4232-8B15-5628D08EF81B}.Debug|ARM.Build.0 = Debug|ARM
		{0A9810EB-3598-4232-8B15-5628D08EF81B}.Debug|ARM.Deploy.0 = Debug|ARM
		{0A9810EB-3598-4232-8B15-5628D08EF81B}.Debug|ARM64.ActiveCfg = Debug|ARM64
		{0A9810EB-3598-4232-8B15-5628D08EF81B}.Debug|ARM64.Build.0 = Debug|ARM64
		{0A9810EB-3598-4232-8B15-5628D08EF81B}.Debug|ARM64.Deploy.0 = Debug|ARM64
		{0A9810EB-3598-4232-8B15-5628D08EF81B}.Debug|x64.ActiveCfg = Debug|x64
		{0A9810EB-3598-4232-8B15-5628D08EF81B}.Debug|x64.Build.0 = Debug|x64
		{0A9810EB-3598-4232-8B15-5628D08EF81B}.Debug|x64.Deploy.0 = Debug|x64
		{0A9810EB-3598-4232-8B15-5628D08EF81B}.Debug|x86.ActiveCfg = Debug|x86
		{0A9810EB-3598-4232-8B15-5628D08EF81B}.Debug|x86.Build.0 = Debug|x86
		{0A9810EB-3598-4232-8B15-5628D08EF81B}.Debug|x86.Deploy.0 = Debug|x86
		{0A9810EB-3598-4232-8B15-5628D08EF81B}.Release|ARM.ActiveCfg = Release|ARM
		{0A9810EB-3598-4232-8B15-5628D08EF81B}.Release|ARM.Build.0 = Release|ARM
		{0A9810EB-3598-4232-8B15-5628D08EF81B}.Release|ARM.Deploy.0 = Release|ARM
		{0A9810EB-3598-4232-8B15-5628D08EF81B}.Release|ARM64.ActiveCfg = Release|ARM64
		{0A9810EB-3598-4232-8B15-5628D08EF81B}.Release|ARM64.Build.0 = Release|ARM64
		{0A9810EB-3598-4232-8B15-5628D08EF81B}.Release|ARM64.Deploy.0 = Release|ARM64
		{0A9810EB-3598-4232-8B15-5628D08EF81B}.Release|x64.ActiveCfg = Release|x64
		{0A9810EB-3598-4232-8B15-5628D08EF81B}.Release|x64.Build.0 = Release|x64
		{0A9810EB-3598-4232-8B15-5628D08EF81B}.Release|x64.Deploy.0 = Release|x64
		{0A9810EB-3598-4232-8B15-5628D08EF81B}.Release|x86.ActiveCfg = Release|x86
		{0A9810EB-3598-4232-8B15-5628D08EF81B}.Release|x86.Build.0 = Release|x86
		{0A9810EB-3598-4232-8B15-5628D08EF81B}.Release|x86.Deploy.0 = Release|x86
	EndGlobalSection
	GlobalSection(SolutionProperties) = preSolution
		HideSolutionNode = FALSE
	EndGlobalSection
	GlobalSection(ExtensibilityGlobals) = postSolution
		SolutionGuid = {97CBB281-971B-480B-BE64-F1638F6F5D62}
	EndGlobalSection
EndGlobal
